{
  "version": 1,
  "dependencies": {
    "net10.0-windows7.0": {
      "Microsoft.ML.OnnxRuntime.QNN": {
        "type": "Direct",
        "requested": "[1.24.4, )",
        "resolved": "1.24.4",
        "contentHash": "CFPkLq0o+ZnzfxC91dFhw8LR6KVYnXQAI0By/Sa8I7L4W5WNZ+8GJI1KGVLs0bRU52Oy9Ji2RzDaHgf6hVUzeA==",
        "dependencies": {
          "Microsoft.ML.OnnxRuntime.Managed": "1.24.4"
        }
      },
      "Microsoft.Web.WebView2": {
        "type": "Direct",
        "requested": "[1.0.4191.47, )",
        "resolved": "1.0.4191.47",
        "contentHash": "Snb6mlTpuz6ZFjWMwIdg28Xp6kAUMy3zaLUyGbFSaw+/AJKlwoX8EiaWJ1eUMfKyJHksPkFjJHl1LIB7kX+0AQ=="
      },
      "Microsoft.ML.OnnxRuntime.Managed": {
        "type": "Transitive",
        "resolved": "1.24.4",
        "contentHash": "e5jsEo0HcCKDMkuRsMSievKoMv10Odv4MGmxbCin8SEm4Pto1qTpwti47xRwMtk9I/zVvfAiFIWquOq/0+22DA==",
        "dependencies": {
          "System.Numerics.Tensors": "9.0.0"
        }
      },
      "System.Numerics.Tensors": {
        "type": "Transitive",
        "resolved": "9.0.0",
        "contentHash": "hyJB4UlpAi19Xr9AXzu2NuagKC4lPfHObNMEAA0HmqFz2rX7wKgzeYzO/jM/eBHDhnUGFFEjk5cOoJaxqg5J4A=="
      }
    },
    "net10.0-windows7.0/win-arm64": {
      "Microsoft.ML.OnnxRuntime.QNN": {
        "type": "Direct",
        "requested": "[1.24.4, )",
        "resolved": "1.24.4",
        "contentHash": "CFPkLq0o+ZnzfxC91dFhw8LR6KVYnXQAI0By/Sa8I7L4W5WNZ+8GJI1KGVLs0bRU52Oy9Ji2RzDaHgf6hVUzeA==",
        "dependencies": {
          "Microsoft.ML.OnnxRuntime.Managed": "1.24.4"
        }
      },
      "Microsoft.Web.WebView2": {
        "type": "Direct",
        "requested": "[1.0.4191.47, )",
        "resolved": "1.0.4191.47",
        "contentHash": "Snb6mlTpuz6ZFjWMwIdg28Xp6kAUMy3zaLUyGbFSaw+/AJKlwoX8EiaWJ1eUMfKyJHksPkFjJHl1LIB7kX+0AQ=="
      }
    }
  }
}